github.com/google/go-cmp v0.5.9 h1:O2Tfq5qg4qc4AmwVlvv0oLiVAGB7enBSJ2x2DqQFi38=
github.com/google/go-cmp v0.5.9/go.mod h1:17dUlkBOakJ0+DkrSSNjCkIjxS6bF9zb3elmeNGIjoY=
github.com/shasderias/serial v0.0.3 h1:ESmqxA+LZEZiIKQSfK4JxBGabrOwvDDYLYjbJRBqKro=
github.com/shasderias/serial v0.0.3/go.mod h1:8X5Am09ITHcvX+70AiaZanVenQOxxY8KruaMYmxwlNY=
github.com/shasderias/serial v0.0.4 h1:c4AHjJU1LXWwVMDpXyUnyzXp0C1K5PtidMq9t1uYpaY=
github.com/shasderias/serial v0.0.4/go.mod h1:8X5Am09ITHcvX+70AiaZanVenQOxxY8KruaMYmxwlNY=
golang.org/x/sys v0.1.0 h1:kunALQeHf1/185U1i0GOB/fy1IPRDDpuoOOqRReG57U=
golang.org/x/sys v0.1.0/go.mod h1:oPkhp1MJrh7nUepCBck5+mAzfO9JrbApNNgaTdGDITg=
